{
  "version": 2,
  "dependencies": {
    "net10.0": {
      "Microsoft.CodeAnalysis.BannedApiAnalyzers": {
        "type": "Direct",
        "requested": "[5.6.0, )",
        "resolved": "5.6.0",
        "contentHash": "Kcobt3pnOdO0A+6CKiMHZdTEluJpsfxiV20axtZdmfBQnDmiWTKPJADlgAfdTuKNAnVarrkJa0UEGwuOo91muw=="
      },
      "automarket.buildingblocks": {
        "type": "Project"
      },
      "automarket.buildingblocks.web": {
        "type": "Project",
        "dependencies": {
          "AutoMarket.BuildingBlocks": "[1.0.0, )"
        }
      },
      "automarket.notifications.contracts": {
        "type": "Project",
        "dependencies": {
          "AutoMarket.BuildingBlocks": "[1.0.0, )"
        }
      }
    }
  }
}