{
  "version": 2,
  "dependencies": {
    "net10.0": {
      "Microsoft.AspNetCore.OpenApi": {
        "type": "Direct",
        "requested": "[10.0.12, )",
        "resolved": "10.0.12",
        "contentHash": "7RnQ/UKn+kK3JDLmTpW+vVqNErWthGPAVAy1aIiBzv4ucQ6g9NFvOJUuT0PHcpvcJxGVxctMxj6t+NESWMrgHQ==",
        "dependencies": {
          "Microsoft.OpenApi": "[2.12.0, 3.0.0)"
        }
      },
      "Microsoft.CodeAnalysis.BannedApiAnalyzers": {
        "type": "Direct",
        "requested": "[5.6.0, )",
        "resolved": "5.6.0",
        "contentHash": "Kcobt3pnOdO0A+6CKiMHZdTEluJpsfxiV20axtZdmfBQnDmiWTKPJADlgAfdTuKNAnVarrkJa0UEGwuOo91muw=="
      },
      "Npgsql": {
        "type": "Direct",
        "requested": "[10.0.3, )",
        "resolved": "10.0.3",
        "contentHash": "7nb5YzXuvWWJxB0J8DiyL3we+X4FOctZrt0fIBnucOIaIevFEEwGQVZKtiu9olXdlNAK1eNgqSral6r/jlhI4w=="
      },
      "RabbitMQ.Client": {
        "type": "Direct",
        "requested": "[7.2.2, )",
        "resolved": "7.2.2",
        "contentHash": "k4b6RnTXpLbsF96V93ooNYxgPMnoA2tEm24B6AXNJr1mG8wwNYdA1XJtgU66L5xqeGyveS7SJriRzlX3cbqQNA=="
      },
      "Scalar.AspNetCore": {
        "type": "Direct",
        "requested": "[2.17.13, )",
        "resolved": "2.17.13",
        "contentHash": "+R0eJtJIIHW9owY61rIOgR2lywjZnjqUPAM7ll+lZYML7mZ4LxokG6wpAmkuyaLS1Ml4fI4kdAC2U6KkdrDDiA=="
      },
      "Serilog.AspNetCore": {
        "type": "Direct",
        "requested": "[10.0.0, )",
        "resolved": "10.0.0",
        "contentHash": "a/cNa1mY4On1oJlfGG1wAvxjp5g7OEzk/Jf/nm7NF9cWoE7KlZw1GldrifUBWm9oKibHkR7Lg/l5jy3y7ACR8w==",
        "dependencies": {
          "Serilog": "4.3.0",
          "Serilog.Extensions.Hosting": "10.0.0",
          "Serilog.Formatting.Compact": "3.0.0",
          "Serilog.Settings.Configuration": "10.0.0",
          "Serilog.Sinks.Console": "6.1.1",
          "Serilog.Sinks.Debug": "3.0.0",
          "Serilog.Sinks.File": "7.0.0"
        }
      },
      "Serilog.Formatting.Compact": {
        "type": "Direct",
        "requested": "[3.0.0, )",
        "resolved": "3.0.0",
        "contentHash": "wQsv14w9cqlfB5FX2MZpNsTawckN4a8dryuNGbebB/3Nh1pXnROHZov3swtu3Nj5oNG7Ba+xdu7Et/ulAUPanQ==",
        "dependencies": {
          "Serilog": "4.0.0"
        }
      },
      "Serilog.Sinks.Console": {
        "type": "Direct",
        "requested": "[6.1.1, )",
        "resolved": "6.1.1",
        "contentHash": "8jbqgjUyZlfCuSTaJk6lOca465OndqOz3KZP6Cryt/IqZYybyBu7GP0fE/AXBzrrQB3EBmQntBFAvMVz1COvAA==",
        "dependencies": {
          "Serilog": "4.0.0"
        }
      },
      "Serilog.Sinks.Seq": {
        "type": "Direct",
        "requested": "[9.1.0, )",
        "resolved": "9.1.0",
        "contentHash": "4Dam+H9AlYigRgvPmbEJmw7jgz2y2He1qmuopAWt/EnZJ2vlrcG5Nmh934LHq4lfKgF6cAau8NIFMCZrq1u2Hw==",
        "dependencies": {
          "Serilog": "4.3.1",
          "Serilog.Sinks.File": "7.0.0"
        }
      },
      "StackExchange.Redis": {
        "type": "Direct",
        "requested": "[3.3.1, )",
        "resolved": "3.3.1",
        "contentHash": "AnA3ZuYnOQl2Hh/PXqV+JagA6QO8hiHovHBOc0PKz+uafVSsI0lYPQy8D0rklCC5Wpmc9MznEw+Lpt8e+LaB9w==",
        "dependencies": {
          "RESPite": "3.3.1",
          "System.IO.Hashing": "10.0.12"
        }
      },
      "Microsoft.Extensions.DependencyModel": {
        "type": "Transitive",
        "resolved": "10.0.0",
        "contentHash": "RFYJR7APio/BiqdQunRq6DB+nDB6nc2qhHr77mlvZ0q0BT8PubMXN7XicmfzCbrDE/dzhBnUKBRXLTcqUiZDGg=="
      },
      "Microsoft.OpenApi": {
        "type": "Transitive",
        "resolved": "2.12.0",
        "contentHash": "0xB/be+f6qYOhvQPUrVsLrau+fkowYv6gt9RIkajMhwT7sZnqtcA797yW3bS5kgSje+AQW4xZgyLnW641YFioQ=="
      },
      "RESPite": {
        "type": "Transitive",
        "resolved": "3.3.1",
        "contentHash": "1Ky6rOjP9YjA8eXWWSJDTSRgVQiRXwsKnET+X5hDuONJqq8KbYLQrTUjMg8gsdyKzwj74ivEioTuQd4mVhthdQ=="
      },
      "Serilog": {
        "type": "Transitive",
        "resolved": "4.3.1",
        "contentHash": "savYe7h5yRlkqBVOwP8cIRDOdqKiPmYCU4W87JH38sBmcKD5EBoXvQIw6bNEvZ/pTe1gsiye3VFCzBsoppGkXQ=="
      },
      "Serilog.Extensions.Hosting": {
        "type": "Transitive",
        "resolved": "10.0.0",
        "contentHash": "E7juuIc+gzoGxgzFooFgAV8g9BfiSXNKsUok9NmEpyAXg2odkcPsMa/Yo4axkJRlh0se7mkYQ1GXDaBemR+b6w==",
        "dependencies": {
          "Serilog": "4.3.0",
          "Serilog.Extensions.Logging": "10.0.0"
        }
      },
      "Serilog.Extensions.Logging": {
        "type": "Transitive",
        "resolved": "10.0.0",
        "contentHash": "vx0kABKl2dWbBhhqAfTOk53/i8aV/5VaT3a6il9gn72Wqs2pM7EK2OB6No6xdqK2IaY6Zf9gdjLuK9BVa2rT+Q==",
        "dependencies": {
          "Serilog": "4.2.0"
        }
      },
      "Serilog.Settings.Configuration": {
        "type": "Transitive",
        "resolved": "10.0.0",
        "contentHash": "LNq+ibS1sbhTqPV1FIE69/9AJJbfaOhnaqkzcjFy95o+4U+STsta9mi97f1smgXsWYKICDeGUf8xUGzd/52/uA==",
        "dependencies": {
          "Microsoft.Extensions.DependencyModel": "10.0.0",
          "Serilog": "4.3.0"
        }
      },
      "Serilog.Sinks.Debug": {
        "type": "Transitive",
        "resolved": "3.0.0",
        "contentHash": "4BzXcdrgRX7wde9PmHuYd9U6YqycCC28hhpKonK7hx0wb19eiuRj16fPcPSVp0o/Y1ipJuNLYQ00R3q2Zs8FDA==",
        "dependencies": {
          "Serilog": "4.0.0"
        }
      },
      "Serilog.Sinks.File": {
        "type": "Transitive",
        "resolved": "7.0.0",
        "contentHash": "fKL7mXv7qaiNBUC71ssvn/dU0k9t0o45+qm2XgKAlSt19xF+ijjxyA3R6HmCgfKEKwfcfkwWjayuQtRueZFkYw==",
        "dependencies": {
          "Serilog": "4.2.0"
        }
      },
      "System.IO.Hashing": {
        "type": "Transitive",
        "resolved": "10.0.12",
        "contentHash": "jDix4bBMYnpZdSPcnY+KDV6ik3SRMzpMKby/bZl/XUwIiflwRNAFZ0oOl61R/pSaveIJ8t1gs2BUlrGsPs/bcg=="
      },
      "automarket.buildingblocks": {
        "type": "Project"
      },
      "automarket.buildingblocks.web": {
        "type": "Project",
        "dependencies": {
          "AutoMarket.BuildingBlocks": "[1.0.0, )"
        }
      },
      "automarket.catalog": {
        "type": "Project",
        "dependencies": {
          "AutoMarket.BuildingBlocks": "[1.0.0, )",
          "AutoMarket.BuildingBlocks.Web": "[1.0.0, )",
          "AutoMarket.Catalog.Contracts": "[1.0.0, )"
        }
      },
      "automarket.catalog.contracts": {
        "type": "Project",
        "dependencies": {
          "AutoMarket.BuildingBlocks": "[1.0.0, )"
        }
      },
      "automarket.engagement": {
        "type": "Project",
        "dependencies": {
          "AutoMarket.BuildingBlocks": "[1.0.0, )",
          "AutoMarket.BuildingBlocks.Web": "[1.0.0, )",
          "AutoMarket.Engagement.Contracts": "[1.0.0, )"
        }
      },
      "automarket.engagement.contracts": {
        "type": "Project",
        "dependencies": {
          "AutoMarket.BuildingBlocks": "[1.0.0, )"
        }
      },
      "automarket.identity": {
        "type": "Project",
        "dependencies": {
          "AutoMarket.BuildingBlocks": "[1.0.0, )",
          "AutoMarket.BuildingBlocks.Web": "[1.0.0, )",
          "AutoMarket.Identity.Contracts": "[1.0.0, )"
        }
      },
      "automarket.identity.contracts": {
        "type": "Project",
        "dependencies": {
          "AutoMarket.BuildingBlocks": "[1.0.0, )"
        }
      },
      "automarket.listings": {
        "type": "Project",
        "dependencies": {
          "AutoMarket.BuildingBlocks": "[1.0.0, )",
          "AutoMarket.BuildingBlocks.Web": "[1.0.0, )",
          "AutoMarket.Listings.Contracts": "[1.0.0, )"
        }
      },
      "automarket.listings.contracts": {
        "type": "Project",
        "dependencies": {
          "AutoMarket.BuildingBlocks": "[1.0.0, )"
        }
      },
      "automarket.messaging": {
        "type": "Project",
        "dependencies": {
          "AutoMarket.BuildingBlocks": "[1.0.0, )",
          "AutoMarket.BuildingBlocks.Web": "[1.0.0, )",
          "AutoMarket.Messaging.Contracts": "[1.0.0, )"
        }
      },
      "automarket.messaging.contracts": {
        "type": "Project",
        "dependencies": {
          "AutoMarket.BuildingBlocks": "[1.0.0, )"
        }
      },
      "automarket.moderation": {
        "type": "Project",
        "dependencies": {
          "AutoMarket.BuildingBlocks": "[1.0.0, )",
          "AutoMarket.BuildingBlocks.Web": "[1.0.0, )",
          "AutoMarket.Moderation.Contracts": "[1.0.0, )"
        }
      },
      "automarket.moderation.contracts": {
        "type": "Project",
        "dependencies": {
          "AutoMarket.BuildingBlocks": "[1.0.0, )"
        }
      },
      "automarket.notifications": {
        "type": "Project",
        "dependencies": {
          "AutoMarket.BuildingBlocks": "[1.0.0, )",
          "AutoMarket.BuildingBlocks.Web": "[1.0.0, )",
          "AutoMarket.Notifications.Contracts": "[1.0.0, )"
        }
      },
      "automarket.notifications.contracts": {
        "type": "Project",
        "dependencies": {
          "AutoMarket.BuildingBlocks": "[1.0.0, )"
        }
      },
      "automarket.search": {
        "type": "Project",
        "dependencies": {
          "AutoMarket.BuildingBlocks": "[1.0.0, )",
          "AutoMarket.BuildingBlocks.Web": "[1.0.0, )",
          "AutoMarket.Search.Contracts": "[1.0.0, )"
        }
      },
      "automarket.search.contracts": {
        "type": "Project",
        "dependencies": {
          "AutoMarket.BuildingBlocks": "[1.0.0, )"
        }
      }
    }
  }
}